
Microsoft Visual Studio Solution File, Format Version 12.00
# Visual Studio Version 17
VisualStudioVersion = 17.14.36408.4
MinimumVisualStudioVersion = 10.0.40219.1
Project("{2150E333-8FDC-42A3-9474-1A3956D46DE8}") = "src", "src", "{02EA681E-C7D8-13C7-8484-4AC65E1B71E8}"
EndProject
Project("{2150E333-8FDC-42A3-9474-1A3956D46DE8}") = "test", "test", "{25C71626-7573-4503-A7EB-DFCB6E89E4BA}"
EndProject
Project("{2150E333-8FDC-42A3-9474-1A3956D46DE8}") = "APIs", "APIs", "{3A1AD18F-B79C-4499-998C-B5556B702BA4}"
EndProject
Project("{2150E333-8FDC-42A3-9474-1A3956D46DE8}") = "Core", "Core", "{4F1DB72A-5481-496C-AA09-AC140B2C710B}"
EndProject
Project("{2150E333-8FDC-42A3-9474-1A3956D46DE8}") = "Infrastructure", "Infrastructure", "{B11A2A6B-DDA5-4FC5-842A-4BADB68E1CE9}"
EndProject
Project("{2150E333-8FDC-42A3-9474-1A3956D46DE8}") = "UI", "UI", "{336932D6-DD8C-4C30-8C31-871FB442BE19}"
EndProject
Project("{FAE04EC0-301F-11D3-BF4B-00C04F79EFBC}") = "Company.Talabat.APIs", "Company.Talabat.APIs\Company.Talabat.APIs.csproj", "{A205E47B-076D-41E8-B573-384B1EF8ABA9}"
EndProject
Project("{FAE04EC0-301F-11D3-BF4B-00C04F79EFBC}") = "Company.Talabat.APIs.Controllers", "Company.Talabat.APIs.Controllers\Company.Talabat.APIs.Controllers.csproj", "{EB8B580C-410A-4756-B1E9-EA7F8146B807}"
EndProject
Project("{FAE04EC0-301F-11D3-BF4B-00C04F79EFBC}") = "Company.Talabat.Application", "Company.Talabat.Application\Company.Talabat.Application.csproj", "{CDC4CD6D-BBFE-48D3-9C2F-B277F8EDADDA}"
EndProject
Project("{FAE04EC0-301F-11D3-BF4B-00C04F79EFBC}") = "Company.Talabat.Application.Abstractions", "Company.Talabat.Application.Abstractions\Company.Talabat.Application.Abstractions.csproj", "{A4619B3B-5BAB-42B1-9E26-9D8FEA74FBF0}"
EndProject
Project("{FAE04EC0-301F-11D3-BF4B-00C04F79EFBC}") = "Company.Talabat.Domain", "Company.Talabat.Domain\Company.Talabat.Domain.csproj", "{43C710B0-414D-495E-BDB8-886E7A0AE551}"
EndProject
Project("{FAE04EC0-301F-11D3-BF4B-00C04F79EFBC}") = "Company.Talabat.Infrastructure", "Company.Talabat.Infrastructure\Company.Talabat.Infrastructure.csproj", "{2DCC6EFD-7191-443E-BDFD-99CFB287581D}"
EndProject
Project("{FAE04EC0-301F-11D3-BF4B-00C04F79EFBC}") = "Company.Talabat.Infrastructure.Persistence", "Company.Talabat.Infrastructure.Persistence\Company.Talabat.Infrastructure.Persistence.csproj", "{A76729D3-3C64-4EF0-B504-0285979D92B8}"
EndProject
Project("{2150E333-8FDC-42A3-9474-1A3956D46DE8}") = "Client", "Client", "{7A794A1A-33BE-4133-99F4-974EF85A032F}"
EndProject
Project("{2150E333-8FDC-42A3-9474-1A3956D46DE8}") = "Dashboard", "Dashboard", "{08FF95D3-25E2-4A8F-B2D6-7A6973174383}"
EndProject
Project("{54A90642-561A-4BB1-A94E-469ADEE60C69}") = "Company.Talabat.Client", "Company.Talabat.Client\Company.Talabat.Client.esproj", "{80856426-F017-49F1-CC6F-4415FAEEC402}"
EndProject
Project("{FAE04EC0-301F-11D3-BF4B-00C04F79EFBC}") = "Company.Talabat.Dashboard", "Company.Talabat.Dashboard\Company.Talabat.Dashboard.csproj", "{F4DD1036-EB68-4A43-B0A5-B831ACE82C27}"
EndProject
Global
	GlobalSection(SolutionConfigurationPlatforms) = preSolution
		Debug|Any CPU = Debug|Any CPU
		Release|Any CPU = Release|Any CPU
	EndGlobalSection
	GlobalSection(ProjectConfigurationPlatforms) = postSolution
		{A205E47B-076D-41E8-B573-384B1EF8ABA9}.Debug|Any CPU.ActiveCfg = Debug|Any CPU
		{A205E47B-076D-41E8-B573-384B1EF8ABA9}.Debug|Any CPU.Build.0 = Debug|Any CPU
		{A205E47B-076D-41E8-B573-384B1EF8ABA9}.Release|Any CPU.ActiveCfg = Release|Any CPU
		{A205E47B-076D-41E8-B573-384B1EF8ABA9}.Release|Any CPU.Build.0 = Release|Any CPU
		{EB8B580C-410A-4756-B1E9-EA7F8146B807}.Debug|Any CPU.ActiveCfg = Debug|Any CPU
		{EB8B580C-410A-4756-B1E9-EA7F8146B807}.Debug|Any CPU.Build.0 = Debug|Any CPU
		{EB8B580C-410A-4756-B1E9-EA7F8146B807}.Release|Any CPU.ActiveCfg = Release|Any CPU
		{EB8B580C-410A-4756-B1E9-EA7F8146B807}.Release|Any CPU.Build.0 = Release|Any CPU
		{CDC4CD6D-BBFE-48D3-9C2F-B277F8EDADDA}.Debug|Any CPU.ActiveCfg = Debug|Any CPU
		{CDC4CD6D-BBFE-48D3-9C2F-B277F8EDADDA}.Debug|Any CPU.Build.0 = Debug|Any CPU
		{CDC4CD6D-BBFE-48D3-9C2F-B277F8EDADDA}.Release|Any CPU.ActiveCfg = Release|Any CPU
		{CDC4CD6D-BBFE-48D3-9C2F-B277F8EDADDA}.Release|Any CPU.Build.0 = Release|Any CPU
		{A4619B3B-5BAB-42B1-9E26-9D8FEA74FBF0}.Debug|Any CPU.ActiveCfg = Debug|Any CPU
		{A4619B3B-5BAB-42B1-9E26-9D8FEA74FBF0}.Debug|Any CPU.Build.0 = Debug|Any CPU
		{A4619B3B-5BAB-42B1-9E26-9D8FEA74FBF0}.Release|Any CPU.ActiveCfg = Release|Any CPU
		{A4619B3B-5BAB-42B1-9E26-9D8FEA74FBF0}.Release|Any CPU.Build.0 = Release|Any CPU
		{43C710B0-414D-495E-BDB8-886E7A0AE551}.Debug|Any CPU.ActiveCfg = Debug|Any CPU
		{43C710B0-414D-495E-BDB8-886E7A0AE551}.Debug|Any CPU.Build.0 = Debug|Any CPU
		{43C710B0-414D-495E-BDB8-886E7A0AE551}.Release|Any CPU.ActiveCfg = Release|Any CPU
		{43C710B0-414D-495E-BDB8-886E7A0AE551}.Release|Any CPU.Build.0 = Release|Any CPU
		{2DCC6EFD-7191-443E-BDFD-99CFB287581D}.Debug|Any CPU.ActiveCfg = Debug|Any CPU
		{2DCC6EFD-7191-443E-BDFD-99CFB287581D}.Debug|Any CPU.Build.0 = Debug|Any CPU
		{2DCC6EFD-7191-443E-BDFD-99CFB287581D}.Release|Any CPU.ActiveCfg = Release|Any CPU
		{2DCC6EFD-7191-443E-BDFD-99CFB287581D}.Release|Any CPU.Build.0 = Release|Any CPU
		{A76729D3-3C64-4EF0-B504-0285979D92B8}.Debug|Any CPU.ActiveCfg = Debug|Any CPU
		{A76729D3-3C64-4EF0-B504-0285979D92B8}.Debug|Any CPU.Build.0 = Debug|Any CPU
		{A76729D3-3C64-4EF0-B504-0285979D92B8}.Release|Any CPU.ActiveCfg = Release|Any CPU
		{A76729D3-3C64-4EF0-B504-0285979D92B8}.Release|Any CPU.Build.0 = Release|Any CPU
		{80856426-F017-49F1-CC6F-4415FAEEC402}.Debug|Any CPU.ActiveCfg = Debug|Any CPU
		{80856426-F017-49F1-CC6F-4415FAEEC402}.Debug|Any CPU.Build.0 = Debug|Any CPU
		{80856426-F017-49F1-CC6F-4415FAEEC402}.Debug|Any CPU.Deploy.0 = Debug|Any CPU
		{80856426-F017-49F1-CC6F-4415FAEEC402}.Release|Any CPU.ActiveCfg = Release|Any CPU
		{80856426-F017-49F1-CC6F-4415FAEEC402}.Release|Any CPU.Build.0 = Release|Any CPU
		{80856426-F017-49F1-CC6F-4415FAEEC402}.Release|Any CPU.Deploy.0 = Release|Any CPU
		{F4DD1036-EB68-4A43-B0A5-B831ACE82C27}.Debug|Any CPU.ActiveCfg = Debug|Any CPU
		{F4DD1036-EB68-4A43-B0A5-B831ACE82C27}.Debug|Any CPU.Build.0 = Debug|Any CPU
		{F4DD1036-EB68-4A43-B0A5-B831ACE82C27}.Release|Any CPU.ActiveCfg = Release|Any CPU
		{F4DD1036-EB68-4A43-B0A5-B831ACE82C27}.Release|Any CPU.Build.0 = Release|Any CPU
	EndGlobalSection
	GlobalSection(SolutionProperties) = preSolution
		HideSolutionNode = FALSE
	EndGlobalSection
	GlobalSection(NestedProjects) = preSolution
		{3A1AD18F-B79C-4499-998C-B5556B702BA4} = {02EA681E-C7D8-13C7-8484-4AC65E1B71E8}
		{4F1DB72A-5481-496C-AA09-AC140B2C710B} = {02EA681E-C7D8-13C7-8484-4AC65E1B71E8}
		{B11A2A6B-DDA5-4FC5-842A-4BADB68E1CE9} = {02EA681E-C7D8-13C7-8484-4AC65E1B71E8}
		{336932D6-DD8C-4C30-8C31-871FB442BE19} = {02EA681E-C7D8-13C7-8484-4AC65E1B71E8}
		{A205E47B-076D-41E8-B573-384B1EF8ABA9} = {3A1AD18F-B79C-4499-998C-B5556B702BA4}
		{EB8B580C-410A-4756-B1E9-EA7F8146B807} = {3A1AD18F-B79C-4499-998C-B5556B702BA4}
		{CDC4CD6D-BBFE-48D3-9C2F-B277F8EDADDA} = {4F1DB72A-5481-496C-AA09-AC140B2C710B}
		{A4619B3B-5BAB-42B1-9E26-9D8FEA74FBF0} = {4F1DB72A-5481-496C-AA09-AC140B2C710B}
		{43C710B0-414D-495E-BDB8-886E7A0AE551} = {4F1DB72A-5481-496C-AA09-AC140B2C710B}
		{2DCC6EFD-7191-443E-BDFD-99CFB287581D} = {B11A2A6B-DDA5-4FC5-842A-4BADB68E1CE9}
		{A76729D3-3C64-4EF0-B504-0285979D92B8} = {B11A2A6B-DDA5-4FC5-842A-4BADB68E1CE9}
		{7A794A1A-33BE-4133-99F4-974EF85A032F} = {336932D6-DD8C-4C30-8C31-871FB442BE19}
		{08FF95D3-25E2-4A8F-B2D6-7A6973174383} = {336932D6-DD8C-4C30-8C31-871FB442BE19}
		{80856426-F017-49F1-CC6F-4415FAEEC402} = {7A794A1A-33BE-4133-99F4-974EF85A032F}
		{F4DD1036-EB68-4A43-B0A5-B831ACE82C27} = {08FF95D3-25E2-4A8F-B2D6-7A6973174383}
	EndGlobalSection
	GlobalSection(ExtensibilityGlobals) = postSolution
		SolutionGuid = {36791E26-0F31-409A-B26B-B13D9C98EEAF}
	EndGlobalSection
EndGlobal
